dependencies:
- name: control-plane
  repository: file://charts/control-plane
  version: 0.1.0
- name: compute-plane
  repository: file://charts/compute-plane
  version: 0.1.0
- name: ingress
  repository: file://charts/ingress
  version: 0.1.0
- name: activemq
  repository: file://charts/activemq
  version: 1.0.0
- name: redis
  repository: https://charts.bitnami.com/bitnami
  version: 21.2.6
- name: mongodb
  repository: https://charts.bitnami.com/bitnami
  version: 16.5.27
- name: kube-prometheus
  repository: https://charts.bitnami.com/bitnami
  version: 11.2.8
- name: keda
  repository: https://kedacore.github.io/charts
  version: 2.17.2
- name: rabbitmq
  repository: https://charts.bitnami.com/bitnami
  version: 16.0.10
- name: grafana
  repository: https://grafana.github.io/helm-charts
  version: 9.2.9
- name: fluent-bit
  repository: https://charts.bitnami.com/bitnami
  version: 3.1.6
- name: seq
  repository: https://helm.datalust.co
  version: 2025.2.1
- name: cert-manager
  repository: https://charts.jetstack.io
  version: v1.18.2
digest: sha256:09efadbeb8b5485c44cc84c0421a83d49f0016c70516411dce0d7f55591e8499
generated: "2025-07-03T22:28:41.93765352Z"
